// !$*UTF8*$!
{
	archiveVersion = 1;
	classes = {
	};
	objectVersion = 52;
	objects = {

/* Begin PBXBuildFile section */
		C49AFE3C25AF7030008175F6 /* LinkDemoApp.swift in Sources */ = {isa = PBXBuildFile; fileRef = C49AFE3B25AF7030008175F6 /* LinkDemoApp.swift */; };
		C49AFE3E25AF7030008175F6 /* ContentView.swift in Sources */ = {isa = PBXBuildFile; fileRef = C49AFE3D25AF7030008175F6 /* ContentView.swift */; };
		C49AFE4025AF7030008175F6 /* Assets.xcassets in Resources */ = {isa = PBXBuildFile; fileRef = C49AFE3F25AF7030008175F6 /* Assets.xcassets */; };
		C49AFE4325AF7030008175F6 /* Preview Assets.xcassets in Resources */ = {isa = PBXBuildFile; fileRef = C49AFE4225AF7030008175F6 /* Preview Assets.xcassets */; };
		C49AFE4D25AF70C6008175F6 /* AppRouter in Frameworks */ = {isa = PBXBuildFile; productRef = C49AFE4C25AF70C6008175F6 /* AppRouter */; };
		C4FE853825AFBAE400E78C9F /* TabDemoApp.swift in Sources */ = {isa = PBXBuildFile; fileRef = C4FE853725AFBAE400E78C9F /* TabDemoApp.swift */; };
		C4FE853A25AFBAE400E78C9F /* ContentView.swift in Sources */ = {isa = PBXBuildFile; fileRef = C4FE853925AFBAE400E78C9F /* ContentView.swift */; };
		C4FE853C25AFBAE400E78C9F /* Assets.xcassets in Resources */ = {isa = PBXBuildFile; fileRef = C4FE853B25AFBAE400E78C9F /* Assets.xcassets */; };
		C4FE853F25AFBAE400E78C9F /* Preview Assets.xcassets in Resources */ = {isa = PBXBuildFile; fileRef = C4FE853E25AFBAE400E78C9F /* Preview Assets.xcassets */; };
		C4FE854F25AFBD2B00E78C9F /* AppRouter in Frameworks */ = {isa = PBXBuildFile; productRef = C4FE854E25AFBD2B00E78C9F /* AppRouter */; };
/* End PBXBuildFile section */

/* Begin PBXFileReference section */
		C49AFE3825AF7030008175F6 /* LinkDemo.app */ = {isa = PBXFileReference; explicitFileType = wrapper.application; includeInIndex = 0; path = LinkDemo.app; sourceTree = BUILT_PRODUCTS_DIR; };
		C49AFE3B25AF7030008175F6 /* LinkDemoApp.swift */ = {isa = PBXFileReference; lastKnownFileType = sourcecode.swift; path = LinkDemoApp.swift; sourceTree = "<group>"; };
		C49AFE3D25AF7030008175F6 /* ContentView.swift */ = {isa = PBXFileReference; lastKnownFileType = sourcecode.swift; path = ContentView.swift; sourceTree = "<group>"; };
		C49AFE3F25AF7030008175F6 /* Assets.xcassets */ = {isa = PBXFileReference; lastKnownFileType = folder.assetcatalog; path = Assets.xcassets; sourceTree = "<group>"; };
		C49AFE4225AF7030008175F6 /* Preview Assets.xcassets */ = {isa = PBXFileReference; lastKnownFileType = folder.assetcatalog; path = "Preview Assets.xcassets"; sourceTree = "<group>"; };
		C49AFE4425AF7030008175F6 /* Info.plist */ = {isa = PBXFileReference; lastKnownFileType = text.plist.xml; path = Info.plist; sourceTree = "<group>"; };
		C4FE853525AFBAE400E78C9F /* TabDemo.app */ = {isa = PBXFileReference; explicitFileType = wrapper.application; includeInIndex = 0; path = TabDemo.app; sourceTree = BUILT_PRODUCTS_DIR; };
		C4FE853725AFBAE400E78C9F /* TabDemoApp.swift */ = {isa = PBXFileReference; lastKnownFileType = sourcecode.swift; path = TabDemoApp.swift; sourceTree = "<group>"; };
		C4FE853925AFBAE400E78C9F /* ContentView.swift */ = {isa = PBXFileReference; lastKnownFileType = sourcecode.swift; path = ContentView.swift; sourceTree = "<group>"; };
		C4FE853B25AFBAE400E78C9F /* Assets.xcassets */ = {isa = PBXFileReference; lastKnownFileType = folder.assetcatalog; path = Assets.xcassets; sourceTree = "<group>"; };
		C4FE853E25AFBAE400E78C9F /* Preview Assets.xcassets */ = {isa = PBXFileReference; lastKnownFileType = folder.assetcatalog; path = "Preview Assets.xcassets"; sourceTree = "<group>"; };
		C4FE854025AFBAE400E78C9F /* Info.plist */ = {isa = PBXFileReference; lastKnownFileType = text.plist.xml; path = Info.plist; sourceTree = "<group>"; };
/* End PBXFileReference section */

/* Begin PBXFrameworksBuildPhase section */
		C49AFE3525AF7030008175F6 /* Frameworks */ = {
			isa = PBXFrameworksBuildPhase;
			buildActionMask = 2147483647;
			files = (
				C49AFE4D25AF70C6008175F6 /* AppRouter in Frameworks */,
			);
			runOnlyForDeploymentPostprocessing = 0;
		};
		C4FE853225AFBAE400E78C9F /* Frameworks */ = {
			isa = PBXFrameworksBuildPhase;
			buildActionMask = 2147483647;
			files = (
				C4FE854F25AFBD2B00E78C9F /* AppRouter in Frameworks */,
			);
			runOnlyForDeploymentPostprocessing = 0;
		};
/* End PBXFrameworksBuildPhase section */

/* Begin PBXGroup section */
		C49AFE2F25AF7030008175F6 = {
			isa = PBXGroup;
			children = (
				C49AFE3A25AF7030008175F6 /* LinkDemo */,
				C4FE853625AFBAE400E78C9F /* TabDemo */,
				C49AFE3925AF7030008175F6 /* Products */,
				C49AFE4B25AF70C6008175F6 /* Frameworks */,
			);
			sourceTree = "<group>";
		};
		C49AFE3925AF7030008175F6 /* Products */ = {
			isa = PBXGroup;
			children = (
				C49AFE3825AF7030008175F6 /* LinkDemo.app */,
				C4FE853525AFBAE400E78C9F /* TabDemo.app */,
			);
			name = Products;
			sourceTree = "<group>";
		};
		C49AFE3A25AF7030008175F6 /* LinkDemo */ = {
			isa = PBXGroup;
			children = (
				C49AFE3B25AF7030008175F6 /* LinkDemoApp.swift */,
				C49AFE3D25AF7030008175F6 /* ContentView.swift */,
				C49AFE3F25AF7030008175F6 /* Assets.xcassets */,
				C49AFE4425AF7030008175F6 /* Info.plist */,
				C49AFE4125AF7030008175F6 /* Preview Content */,
			);
			path = LinkDemo;
			sourceTree = "<group>";
		};
		C49AFE4125AF7030008175F6 /* Preview Content */ = {
			isa = PBXGroup;
			children = (
				C49AFE4225AF7030008175F6 /* Preview Assets.xcassets */,
			);
			path = "Preview Content";
			sourceTree = "<group>";
		};
		C49AFE4B25AF70C6008175F6 /* Frameworks */ = {
			isa = PBXGroup;
			children = (
			);
			name = Frameworks;
			sourceTree = "<group>";
		};
		C4FE853625AFBAE400E78C9F /* TabDemo */ = {
			isa = PBXGroup;
			children = (
				C4FE853725AFBAE400E78C9F /* TabDemoApp.swift */,
				C4FE853925AFBAE400E78C9F /* ContentView.swift */,
				C4FE853B25AFBAE400E78C9F /* Assets.xcassets */,
				C4FE854025AFBAE400E78C9F /* Info.plist */,
				C4FE853D25AFBAE400E78C9F /* Preview Content */,
			);
			path = TabDemo;
			sourceTree = "<group>";
		};
		C4FE853D25AFBAE400E78C9F /* Preview Content */ = {
			isa = PBXGroup;
			children = (
				C4FE853E25AFBAE400E78C9F /* Preview Assets.xcassets */,
			);
			path = "Preview Content";
			sourceTree = "<group>";
		};
/* End PBXGroup section */

/* Begin PBXNativeTarget section */
		C49AFE3725AF7030008175F6 /* LinkDemo */ = {
			isa = PBXNativeTarget;
			buildConfigurationList = C49AFE4725AF7030008175F6 /* Build configuration list for PBXNativeTarget "LinkDemo" */;
			buildPhases = (
				C49AFE3425AF7030008175F6 /* Sources */,
				C49AFE3525AF7030008175F6 /* Frameworks */,
				C49AFE3625AF7030008175F6 /* Resources */,
			);
			buildRules = (
			);
			dependencies = (
			);
			name = LinkDemo;
			packageProductDependencies = (
				C49AFE4C25AF70C6008175F6 /* AppRouter */,
			);
			productName = Demo;
			productReference = C49AFE3825AF7030008175F6 /* LinkDemo.app */;
			productType = "com.apple.product-type.application";
		};
		C4FE853425AFBAE400E78C9F /* TabDemo */ = {
			isa = PBXNativeTarget;
			buildConfigurationList = C4FE854125AFBAE400E78C9F /* Build configuration list for PBXNativeTarget "TabDemo" */;
			buildPhases = (
				C4FE853125AFBAE400E78C9F /* Sources */,
				C4FE853225AFBAE400E78C9F /* Frameworks */,
				C4FE853325AFBAE400E78C9F /* Resources */,
			);
			buildRules = (
			);
			dependencies = (
			);
			name = TabDemo;
			packageProductDependencies = (
				C4FE854E25AFBD2B00E78C9F /* AppRouter */,
			);
			productName = TabDemo;
			productReference = C4FE853525AFBAE400E78C9F /* TabDemo.app */;
			productType = "com.apple.product-type.application";
		};
/* End PBXNativeTarget section */

/* Begin PBXProject section */
		C49AFE3025AF7030008175F6 /* Project object */ = {
			isa = PBXProject;
			attributes = {
				LastSwiftUpdateCheck = 1230;
				LastUpgradeCheck = 1230;
				TargetAttributes = {
					C49AFE3725AF7030008175F6 = {
						CreatedOnToolsVersion = 12.3;
					};
					C4FE853425AFBAE400E78C9F = {
						CreatedOnToolsVersion = 12.3;
					};
				};
			};
			buildConfigurationList = C49AFE3325AF7030008175F6 /* Build configuration list for PBXProject "Demo" */;
			compatibilityVersion = "Xcode 9.3";
			developmentRegion = en;
			hasScannedForEncodings = 0;
			knownRegions = (
				en,
				Base,
			);
			mainGroup = C49AFE2F25AF7030008175F6;
			productRefGroup = C49AFE3925AF7030008175F6 /* Products */;
			projectDirPath = "";
			projectRoot = "";
			targets = (
				C49AFE3725AF7030008175F6 /* LinkDemo */,
				C4FE853425AFBAE400E78C9F /* TabDemo */,
			);
		};
/* End PBXProject section */

/* Begin PBXResourcesBuildPhase section */
		C49AFE3625AF7030008175F6 /* Resources */ = {
			isa = PBXResourcesBuildPhase;
			buildActionMask = 2147483647;
			files = (
				C49AFE4325AF7030008175F6 /* Preview Assets.xcassets in Resources */,
				C49AFE4025AF7030008175F6 /* Assets.xcassets in Resources */,
			);
			runOnlyForDeploymentPostprocessing = 0;
		};
		C4FE853325AFBAE400E78C9F /* Resources */ = {
			isa = PBXResourcesBuildPhase;
			buildActionMask = 2147483647;
			files = (
				C4FE853F25AFBAE400E78C9F /* Preview Assets.xcassets in Resources */,
				C4FE853C25AFBAE400E78C9F /* Assets.xcassets in Resources */,
			);
			runOnlyForDeploymentPostprocessing = 0;
		};
/* End PBXResourcesBuildPhase section */

/* Begin PBXSourcesBuildPhase section */
		C49AFE3425AF7030008175F6 /* Sources */ = {
			isa = PBXSourcesBuildPhase;
			buildActionMask = 2147483647;
			files = (
				C49AFE3E25AF7030008175F6 /* ContentView.swift in Sources */,
				C49AFE3C25AF7030008175F6 /* LinkDemoApp.swift in Sources */,
			);
			runOnlyForDeploymentPostprocessing = 0;
		};
		C4FE853125AFBAE400E78C9F /* Sources */ = {
			isa = PBXSourcesBuildPhase;
			buildActionMask = 2147483647;
			files = (
				C4FE853A25AFBAE400E78C9F /* ContentView.swift in Sources */,
				C4FE853825AFBAE400E78C9F /* TabDemoApp.swift in Sources */,
			);
			runOnlyForDeploymentPostprocessing = 0;
		};
/* End PBXSourcesBuildPhase section */

/* Begin XCBuildConfiguration section */
		C49AFE4525AF7030008175F6 /* Debug */ = {
			isa = XCBuildConfiguration;
			buildSettings = {
				ALWAYS_SEARCH_USER_PATHS = NO;
				CLANG_ANALYZER_NONNULL = YES;
				CLANG_ANALYZER_NUMBER_OBJECT_CONVERSION = YES_AGGRESSIVE;
				CLANG_CXX_LANGUAGE_STANDARD = "gnu++14";
				CLANG_CXX_LIBRARY = "libc++";
				CLANG_ENABLE_MODULES = YES;
				CLANG_ENABLE_OBJC_ARC = YES;
				CLANG_ENABLE_OBJC_WEAK = YES;
				CLANG_WARN_BLOCK_CAPTURE_AUTORELEASING = YES;
				CLANG_WARN_BOOL_CONVERSION = YES;
				CLANG_WARN_COMMA = YES;
				CLANG_WARN_CONSTANT_CONVERSION = YES;
				CLANG_WARN_DEPRECATED_OBJC_IMPLEMENTATIONS = YES;
				CLANG_WARN_DIRECT_OBJC_ISA_USAGE = YES_ERROR;
				CLANG_WARN_DOCUMENTATION_COMMENTS = YES;
				CLANG_WARN_EMPTY_BODY = YES;
				CLANG_WARN_ENUM_CONVERSION = YES;
				CLANG_WARN_INFINITE_RECURSION = YES;
				CLANG_WARN_INT_CONVERSION = YES;
				CLANG_WARN_NON_LITERAL_NULL_CONVERSION = YES;
				CLANG_WARN_OBJC_IMPLICIT_RETAIN_SELF = YES;
				CLANG_WARN_OBJC_LITERAL_CONVERSION = YES;
				CLANG_WARN_OBJC_ROOT_CLASS = YES_ERROR;
				CLANG_WARN_QUOTED_INCLUDE_IN_FRAMEWORK_HEADER = YES;
				CLANG_WARN_RANGE_LOOP_ANALYSIS = YES;
				CLANG_WARN_STRICT_PROTOTYPES = YES;
				CLANG_WARN_SUSPICIOUS_MOVE = YES;
				CLANG_WARN_UNGUARDED_AVAILABILITY = YES_AGGRESSIVE;
				CLANG_WARN_UNREACHABLE_CODE = YES;
				CLANG_WARN__DUPLICATE_METHOD_MATCH = YES;
				COPY_PHASE_STRIP = NO;
				DEBUG_INFORMATION_FORMAT = dwarf;
				ENABLE_STRICT_OBJC_MSGSEND = YES;
				ENABLE_TESTABILITY = YES;
				GCC_C_LANGUAGE_STANDARD = gnu11;
				GCC_DYNAMIC_NO_PIC = NO;
				GCC_NO_COMMON_BLOCKS = YES;
				GCC_OPTIMIZATION_LEVEL = 0;
				GCC_PREPROCESSOR_DEFINITIONS = (
					"DEBUG=1",
					"$(inherited)",
				);
				GCC_WARN_64_TO_32_BIT_CONVERSION = YES;
				GCC_WARN_ABOUT_RETURN_TYPE = YES_ERROR;
				GCC_WARN_UNDECLARED_SELECTOR = YES;
				GCC_WARN_UNINITIALIZED_AUTOS = YES_AGGRESSIVE;
				GCC_WARN_UNUSED_FUNCTION = YES;
				GCC_WARN_UNUSED_VARIABLE = YES;
				IPHONEOS_DEPLOYMENT_TARGET = 14.3;
				MTL_ENABLE_DEBUG_INFO = INCLUDE_SOURCE;
				MTL_FAST_MATH = YES;
				ONLY_ACTIVE_ARCH = YES;
				SDKROOT = iphoneos;
				SWIFT_ACTIVE_COMPILATION_CONDITIONS = DEBUG;
				SWIFT_OPTIMIZATION_LEVEL = "-Onone";
			};
			name = Debug;
		};
		C49AFE4625AF7030008175F6 /* Release */ = {
			isa = XCBuildConfiguration;
			buildSettings = {
				ALWAYS_SEARCH_USER_PATHS = NO;
				CLANG_ANALYZER_NONNULL = YES;
				CLANG_ANALYZER_NUMBER_OBJECT_CONVERSION = YES_AGGRESSIVE;
				CLANG_CXX_LANGUAGE_STANDARD = "gnu++14";
				CLANG_CXX_LIBRARY = "libc++";
				CLANG_ENABLE_MODULES = YES;
				CLANG_ENABLE_OBJC_ARC = YES;
				CLANG_ENABLE_OBJC_WEAK = YES;
				CLANG_WARN_BLOCK_CAPTURE_AUTORELEASING = YES;
				CLANG_WARN_BOOL_CONVERSION = YES;
				CLANG_WARN_COMMA = YES;
				CLANG_WARN_CONSTANT_CONVERSION = YES;
				CLANG_WARN_DEPRECATED_OBJC_IMPLEMENTATIONS = YES;
				CLANG_WARN_DIRECT_OBJC_ISA_USAGE = YES_ERROR;
				CLANG_WARN_DOCUMENTATION_COMMENTS = YES;
				CLANG_WARN_EMPTY_BODY = YES;
				CLANG_WARN_ENUM_CONVERSION = YES;
				CLANG_WARN_INFINITE_RECURSION = YES;
				CLANG_WARN_INT_CONVERSION = YES;
				CLANG_WARN_NON_LITERAL_NULL_CONVERSION = YES;
				CLANG_WARN_OBJC_IMPLICIT_RETAIN_SELF = YES;
				CLANG_WARN_OBJC_LITERAL_CONVERSION = YES;
				CLANG_WARN_OBJC_ROOT_CLASS = YES_ERROR;
				CLANG_WARN_QUOTED_INCLUDE_IN_FRAMEWORK_HEADER = YES;
				CLANG_WARN_RANGE_LOOP_ANALYSIS = YES;
				CLANG_WARN_STRICT_PROTOTYPES = YES;
				CLANG_WARN_SUSPICIOUS_MOVE = YES;
				CLANG_WARN_UNGUARDED_AVAILABILITY = YES_AGGRESSIVE;
				CLANG_WARN_UNREACHABLE_CODE = YES;
				CLANG_WARN__DUPLICATE_METHOD_MATCH = YES;
				COPY_PHASE_STRIP = NO;
				DEBUG_INFORMATION_FORMAT = "dwarf-with-dsym";
				ENABLE_NS_ASSERTIONS = NO;
				ENABLE_STRICT_OBJC_MSGSEND = YES;
				GCC_C_LANGUAGE_STANDARD = gnu11;
				GCC_NO_COMMON_BLOCKS = YES;
				GCC_WARN_64_TO_32_BIT_CONVERSION = YES;
				GCC_WARN_ABOUT_RETURN_TYPE = YES_ERROR;
				GCC_WARN_UNDECLARED_SELECTOR = YES;
				GCC_WARN_UNINITIALIZED_AUTOS = YES_AGGRESSIVE;
				GCC_WARN_UNUSED_FUNCTION = YES;
				GCC_WARN_UNUSED_VARIABLE = YES;
				IPHONEOS_DEPLOYMENT_TARGET = 14.3;
				MTL_ENABLE_DEBUG_INFO = NO;
				MTL_FAST_MATH = YES;
				SDKROOT = iphoneos;
				SWIFT_COMPILATION_MODE = wholemodule;
				SWIFT_OPTIMIZATION_LEVEL = "-O";
				VALIDATE_PRODUCT = YES;
			};
			name = Release;
		};
		C49AFE4825AF7030008175F6 /* Debug */ = {
			isa = XCBuildConfiguration;
			buildSettings = {
				ASSETCATALOG_COMPILER_APPICON_NAME = AppIcon;
				ASSETCATALOG_COMPILER_GLOBAL_ACCENT_COLOR_NAME = AccentColor;
				CODE_SIGN_STYLE = Automatic;
				DEVELOPMENT_ASSET_PATHS = "\"LinkDemo/Preview Content\"";
				DEVELOPMENT_TEAM = 6P93C5F6VS;
				ENABLE_PREVIEWS = YES;
				INFOPLIST_FILE = LinkDemo/Info.plist;
				IPHONEOS_DEPLOYMENT_TARGET = 14.0;
				LD_RUNPATH_SEARCH_PATHS = (
					"$(inherited)",
					"@executable_path/Frameworks",
				);
				PRODUCT_BUNDLE_IDENTIFIER = Recentralized.Demo;
				PRODUCT_NAME = "$(TARGET_NAME)";
				SWIFT_VERSION = 5.0;
				TARGETED_DEVICE_FAMILY = "1,2";
			};
			name = Debug;
		};
		C49AFE4925AF7030008175F6 /* Release */ = {
			isa = XCBuildConfiguration;
			buildSettings = {
				ASSETCATALOG_COMPILER_APPICON_NAME = AppIcon;
				ASSETCATALOG_COMPILER_GLOBAL_ACCENT_COLOR_NAME = AccentColor;
				CODE_SIGN_STYLE = Automatic;
				DEVELOPMENT_ASSET_PATHS = "\"LinkDemo/Preview Content\"";
				DEVELOPMENT_TEAM = 6P93C5F6VS;
				ENABLE_PREVIEWS = YES;
				INFOPLIST_FILE = LinkDemo/Info.plist;
				IPHONEOS_DEPLOYMENT_TARGET = 14.0;
				LD_RUNPATH_SEARCH_PATHS = (
					"$(inherited)",
					"@executable_path/Frameworks",
				);
				PRODUCT_BUNDLE_IDENTIFIER = Recentralized.Demo;
				PRODUCT_NAME = "$(TARGET_NAME)";
				SWIFT_VERSION = 5.0;
				TARGETED_DEVICE_FAMILY = "1,2";
			};
			name = Release;
		};
		C4FE854225AFBAE400E78C9F /* Debug */ = {
			isa = XCBuildConfiguration;
			buildSettings = {
				ASSETCATALOG_COMPILER_APPICON_NAME = AppIcon;
				ASSETCATALOG_COMPILER_GLOBAL_ACCENT_COLOR_NAME = AccentColor;
				CODE_SIGN_STYLE = Automatic;
				DEVELOPMENT_ASSET_PATHS = "\"TabDemo/Preview Content\"";
				DEVELOPMENT_TEAM = 6P93C5F6VS;
				ENABLE_PREVIEWS = YES;
				INFOPLIST_FILE = TabDemo/Info.plist;
				IPHONEOS_DEPLOYMENT_TARGET = 14.0;
				LD_RUNPATH_SEARCH_PATHS = (
					"$(inherited)",
					"@executable_path/Frameworks",
				);
				PRODUCT_BUNDLE_IDENTIFIER = Recentralized.TabDemo;
				PRODUCT_NAME = "$(TARGET_NAME)";
				SWIFT_VERSION = 5.0;
				TARGETED_DEVICE_FAMILY = "1,2";
			};
			name = Debug;
		};
		C4FE854325AFBAE400E78C9F /* Release */ = {
			isa = XCBuildConfiguration;
			buildSettings = {
				ASSETCATALOG_COMPILER_APPICON_NAME = AppIcon;
				ASSETCATALOG_COMPILER_GLOBAL_ACCENT_COLOR_NAME = AccentColor;
				CODE_SIGN_STYLE = Automatic;
				DEVELOPMENT_ASSET_PATHS = "\"TabDemo/Preview Content\"";
				DEVELOPMENT_TEAM = 6P93C5F6VS;
				ENABLE_PREVIEWS = YES;
				INFOPLIST_FILE = TabDemo/Info.plist;
				IPHONEOS_DEPLOYMENT_TARGET = 14.0;
				LD_RUNPATH_SEARCH_PATHS = (
					"$(inherited)",
					"@executable_path/Frameworks",
				);
				PRODUCT_BUNDLE_IDENTIFIER = Recentralized.TabDemo;
				PRODUCT_NAME = "$(TARGET_NAME)";
				SWIFT_VERSION = 5.0;
				TARGETED_DEVICE_FAMILY = "1,2";
			};
			name = Release;
		};
/* End XCBuildConfiguration section */

/* Begin XCConfigurationList section */
		C49AFE3325AF7030008175F6 /* Build configuration list for PBXProject "Demo" */ = {
			isa = XCConfigurationList;
			buildConfigurations = (
				C49AFE4525AF7030008175F6 /* Debug */,
				C49AFE4625AF7030008175F6 /* Release */,
			);
			defaultConfigurationIsVisible = 0;
			defaultConfigurationName = Release;
		};
		C49AFE4725AF7030008175F6 /* Build configuration list for PBXNativeTarget "LinkDemo" */ = {
			isa = XCConfigurationList;
			buildConfigurations = (
				C49AFE4825AF7030008175F6 /* Debug */,
				C49AFE4925AF7030008175F6 /* Release */,
			);
			defaultConfigurationIsVisible = 0;
			defaultConfigurationName = Release;
		};
		C4FE854125AFBAE400E78C9F /* Build configuration list for PBXNativeTarget "TabDemo" */ = {
			isa = XCConfigurationList;
			buildConfigurations = (
				C4FE854225AFBAE400E78C9F /* Debug */,
				C4FE854325AFBAE400E78C9F /* Release */,
			);
			defaultConfigurationIsVisible = 0;
			defaultConfigurationName = Release;
		};
/* End XCConfigurationList section */

/* Begin XCSwiftPackageProductDependency section */
		C49AFE4C25AF70C6008175F6 /* AppRouter */ = {
			isa = XCSwiftPackageProductDependency;
			productName = AppRouter;
		};
		C4FE854E25AFBD2B00E78C9F /* AppRouter */ = {
			isa = XCSwiftPackageProductDependency;
			productName = AppRouter;
		};
/* End XCSwiftPackageProductDependency section */
	};
	rootObject = C49AFE3025AF7030008175F6 /* Project object */;
}
